# This file is automatically @generated by Poetry 2.0.1 and should not be changed by hand.

[[package]]
name = "colorama"
version = "0.4.6"
description = "Cross-platform colored terminal text."
optional = false
python-versions = "!=3.0.*,!=3.1.*,!=3.2.*,!=3.3.*,!=3.4.*,!=3.5.*,!=3.6.*,>=2.7"
groups = ["dev"]
markers = "sys_platform == \"win32\""
files = [
    {file = "colorama-0.4.6-py2.py3-none-any.whl", hash = "sha256:4f1d9991f5acc0ca119f9d443620b77f9d6b33703e51011c16baf57afb285fc6"},
    {file = "colorama-0.4.6.tar.gz", hash = "sha256:08695f5cb7ed6e0531a20572697297273c47b8cae5a63ffc6d6ed5c201be6e44"},
]

[[package]]
name = "coverage"
version = "7.6.10"
description = "Code coverage measurement for Python"
optional = false
python-versions = ">=3.9"
groups = ["dev"]
files = [
    {file = "coverage-7.6.10-cp310-cp310-macosx_10_9_x86_64.whl", hash = "sha256:5c912978f7fbf47ef99cec50c4401340436d200d41d714c7a4766f377c5b7b78"},
    {file = "coverage-7.6.10-cp310-cp310-macosx_11_0_arm64.whl", hash = "sha256:a01ec4af7dfeb96ff0078ad9a48810bb0cc8abcb0115180c6013a6b26237626c"},
    {file = "coverage-7.6.10-cp310-cp310-manylinux_2_17_aarch64.manylinux2014_aarch64.whl", hash = "sha256:a3b204c11e2b2d883946fe1d97f89403aa1811df28ce0447439178cc7463448a"},
    {file = "coverage-7.6.10-cp310-cp310-manylinux_2_5_i686.manylinux1_i686.manylinux_2_17_i686.manylinux2014_i686.whl", hash = "sha256:32ee6d8491fcfc82652a37109f69dee9a830e9379166cb73c16d8dc5c2915165"},
    {file = "coverage-7.6.10-cp310-cp310-manylinux_2_5_x86_64.manylinux1_x86_64.manylinux_2_17_x86_64.manylinux2014_x86_64.whl", hash = "sha256:675cefc4c06e3b4c876b85bfb7c59c5e2218167bbd4da5075cbe3b5790a28988"},
    {file = "coverage-7.6.10-cp310-cp310-musllinux_1_2_aarch64.whl", hash = "sha256:f4f620668dbc6f5e909a0946a877310fb3d57aea8198bde792aae369ee1c23b5"},
    {file = "coverage-7.6.10-cp310-cp310-musllinux_1_2_i686.whl", hash = "sha256:4eea95ef275de7abaef630c9b2c002ffbc01918b726a39f5a4353916ec72d2f3"},
    {file = "coverage-7.6.10-cp310-cp310-musllinux_1_2_x86_64.whl", hash = "sha256:e2f0280519e42b0a17550072861e0bc8a80a0870de260f9796157d3fca2733c5"},
    {file = "coverage-7.6.10-cp310-cp310-win32.whl", hash = "sha256:bc67deb76bc3717f22e765ab3e07ee9c7a5e26b9019ca19a3b063d9f4b874244"},
    {file = "coverage-7.6.10-cp310-cp310-win_amd64.whl", hash = "sha256:0f460286cb94036455e703c66988851d970fdfd8acc2a1122ab7f4f904e4029e"},
    {file = "coverage-7.6.10-cp311-cp311-macosx_10_9_x86_64.whl", hash = "sha256:ea3c8f04b3e4af80e17bab607c386a830ffc2fb88a5484e1df756478cf70d1d3"},
    {file = "coverage-7.6.10-cp311-cp311-macosx_11_0_arm64.whl", hash = "sha256:507a20fc863cae1d5720797761b42d2d87a04b3e5aeb682ef3b7332e90598f43"},
    {file = "coverage-7.6.10-cp311-cp311-manylinux_2_17_aarch64.manylinux2014_aarch64.whl", hash = "sha256:d37a84878285b903c0fe21ac8794c6dab58150e9359f1aaebbeddd6412d53132"},
    {file = "coverage-7.6.10-cp311-cp311-manylinux_2_5_i686.manylinux1_i686.manylinux_2_17_i686.manylinux2014_i686.whl", hash = "sha256:a534738b47b0de1995f85f582d983d94031dffb48ab86c95bdf88dc62212142f"},
    {file = "coverage-7.6.10-cp311-cp311-manylinux_2_5_x86_64.manylinux1_x86_64.manylinux_2_17_x86_64.manylinux2014_x86_64.whl", hash = "sha256:0d7a2bf79378d8fb8afaa994f91bfd8215134f8631d27eba3e0e2c13546ce994"},
    {file = "coverage-7.6.10-cp311-cp311-musllinux_1_2_aarch64.whl", hash = "sha256:6713ba4b4ebc330f3def51df1d5d38fad60b66720948112f114968feb52d3f99"},
    {file = "coverage-7.6.10-cp311-cp311-musllinux_1_2_i686.whl", hash = "sha256:ab32947f481f7e8c763fa2c92fd9f44eeb143e7610c4ca9ecd6a36adab4081bd"},
    {file = "coverage-7.6.10-cp311-cp311-musllinux_1_2_x86_64.whl", hash = "sha256:7bbd8c8f1b115b892e34ba66a097b915d3871db7ce0e6b9901f462ff3a975377"},
    {file = "coverage-7.6.10-cp311-cp311-win32.whl", hash = "sha256:299e91b274c5c9cdb64cbdf1b3e4a8fe538a7a86acdd08fae52301b28ba297f8"},
    {file = "coverage-7.6.10-cp311-cp311-win_amd64.whl", hash = "sha256:489a01f94aa581dbd961f306e37d75d4ba16104bbfa2b0edb21d29b73be83609"},
    {file = "coverage-7.6.10-cp312-cp312-macosx_10_13_x86_64.whl", hash = "sha256:27c6e64726b307782fa5cbe531e7647aee385a29b2107cd87ba7c0105a5d3853"},
    {file = "coverage-7.6.10-cp312-cp312-macosx_11_0_arm64.whl", hash = "sha256:c56e097019e72c373bae32d946ecf9858fda841e48d82df7e81c63ac25554078"},
    {file = "coverage-7.6.10-cp312-cp312-manylinux_2_17_aarch64.manylinux2014_aarch64.whl", hash = "sha256:c7827a5bc7bdb197b9e066cdf650b2887597ad124dd99777332776f7b7c7d0d0"},
    {file = "coverage-7.6.10-cp312-cp312-manylinux_2_5_i686.manylinux1_i686.manylinux_2_17_i686.manylinux2014_i686.whl", hash = "sha256:204a8238afe787323a8b47d8be4df89772d5c1e4651b9ffa808552bdf20e1d50"},
    {file = "coverage-7.6.10-cp312-cp312-manylinux_2_5_x86_64.manylinux1_x86_64.manylinux_2_17_x86_64.manylinux2014_x86_64.whl", hash = "sha256:e67926f51821b8e9deb6426ff3164870976fe414d033ad90ea75e7ed0c2e5022"},
    {file = "coverage-7.6.10-cp312-cp312-musllinux_1_2_aarch64.whl", hash = "sha256:e78b270eadb5702938c3dbe9367f878249b5ef9a2fcc5360ac7bff694310d17b"},
    {file = "coverage-7.6.10-cp312-cp312-musllinux_1_2_i686.whl", hash = "sha256:714f942b9c15c3a7a5fe6876ce30af831c2ad4ce902410b7466b662358c852c0"},
    {file = "coverage-7.6.10-cp312-cp312-musllinux_1_2_x86_64.whl", hash = "sha256:abb02e2f5a3187b2ac4cd46b8ced85a0858230b577ccb2c62c81482ca7d18852"},
    {file = "coverage-7.6.10-cp312-cp312-win32.whl", hash = "sha256:55b201b97286cf61f5e76063f9e2a1d8d2972fc2fcfd2c1272530172fd28c359"},
    {file = "coverage-7.6.10-cp312-cp312-win_amd64.whl", hash = "sha256:e4ae5ac5e0d1e4edfc9b4b57b4cbecd5bc266a6915c500f358817a8496739247"},
    {file = "coverage-7.6.10-cp313-cp313-macosx_10_13_x86_64.whl", hash = "sha256:05fca8ba6a87aabdd2d30d0b6c838b50510b56cdcfc604d40760dae7153b73d9"},
    {file = "coverage-7.6.10-cp313-cp313-macosx_11_0_arm64.whl", hash = "sha256:9e80eba8801c386f72e0712a0453431259c45c3249f0009aff537a517b52942b"},
    {file = "coverage-7.6.10-cp313-cp313-manylinux_2_17_aarch64.manylinux2014_aarch64.whl", hash = "sha256:a372c89c939d57abe09e08c0578c1d212e7a678135d53aa16eec4430adc5e690"},
    {file = "coverage-7.6.10-cp313-cp313-manylinux_2_5_i686.manylinux1_i686.manylinux_2_17_i686.manylinux2014_i686.whl", hash = "sha256:ec22b5e7fe7a0fa8509181c4aac1db48f3dd4d3a566131b313d1efc102892c18"},
    {file = "coverage-7.6.10-cp313-cp313-manylinux_2_5_x86_64.manylinux1_x86_64.manylinux_2_17_x86_64.manylinux2014_x86_64.whl", hash = "sha256:26bcf5c4df41cad1b19c84af71c22cbc9ea9a547fc973f1f2cc9a290002c8b3c"},
    {file = "coverage-7.6.10-cp313-cp313-musllinux_1_2_aarch64.whl", hash = "sha256:4e4630c26b6084c9b3cb53b15bd488f30ceb50b73c35c5ad7871b869cb7365fd"},
    {file = "coverage-7.6.10-cp313-cp313-musllinux_1_2_i686.whl", hash = "sha256:2396e8116db77789f819d2bc8a7e200232b7a282c66e0ae2d2cd84581a89757e"},
    {file = "coverage-7.6.10-cp313-cp313-musllinux_1_2_x86_64.whl", hash = "sha256:79109c70cc0882e4d2d002fe69a24aa504dec0cc17169b3c7f41a1d341a73694"},
    {file = "coverage-7.6.10-cp313-cp313-win32.whl", hash = "sha256:9e1747bab246d6ff2c4f28b4d186b205adced9f7bd9dc362051cc37c4a0c7bd6"},
    {file = "coverage-7.6.10-cp313-cp313-win_amd64.whl", hash = "sha256:254f1a3b1eef5f7ed23ef265eaa89c65c8c5b6b257327c149db1ca9d4a35f25e"},
    {file = "coverage-7.6.10-cp313-cp313t-macosx_10_13_x86_64.whl", hash = "sha256:2ccf240eb719789cedbb9fd1338055de2761088202a9a0b73032857e53f612fe"},
    {file = "coverage-7.6.10-cp313-cp313t-macosx_11_0_arm64.whl", hash = "sha256:0c807ca74d5a5e64427c8805de15b9ca140bba13572d6d74e262f46f50b13273"},
    {file = "coverage-7.6.10-cp313-cp313t-manylinux_2_17_aarch64.manylinux2014_aarch64.whl", hash = "sha256:2bcfa46d7709b5a7ffe089075799b902020b62e7ee56ebaed2f4bdac04c508d8"},
    {file = "coverage-7.6.10-cp313-cp313t-manylinux_2_5_i686.manylinux1_i686.manylinux_2_17_i686.manylinux2014_i686.whl", hash = "sha256:4e0de1e902669dccbf80b0415fb6b43d27edca2fbd48c74da378923b05316098"},
    {file = "coverage-7.6.10-cp313-cp313t-manylinux_2_5_x86_64.manylinux1_x86_64.manylinux_2_17_x86_64.manylinux2014_x86_64.whl", hash = "sha256:3f7b444c42bbc533aaae6b5a2166fd1a797cdb5eb58ee51a92bee1eb94a1e1cb"},
    {file = "coverage-7.6.10-cp313-cp313t-musllinux_1_2_aarch64.whl", hash = "sha256:b330368cb99ef72fcd2dc3ed260adf67b31499584dc8a20225e85bfe6f6cfed0"},
    {file = "coverage-7.6.10-cp313-cp313t-musllinux_1_2_i686.whl", hash = "sha256:9a7cfb50515f87f7ed30bc882f68812fd98bc2852957df69f3003d22a2aa0abf"},
    {file = "coverage-7.6.10-cp313-cp313t-musllinux_1_2_x86_64.whl", hash = "sha256:6f93531882a5f68c28090f901b1d135de61b56331bba82028489bc51bdd818d2"},
    {file = "coverage-7.6.10-cp313-cp313t-win32.whl", hash = "sha256:89d76815a26197c858f53c7f6a656686ec392b25991f9e409bcef020cd532312"},
    {file = "coverage-7.6.10-cp313-cp313t-win_amd64.whl", hash = "sha256:54a5f0f43950a36312155dae55c505a76cd7f2b12d26abeebbe7a0b36dbc868d"},
    {file = "coverage-7.6.10-cp39-cp39-macosx_10_9_x86_64.whl", hash = "sha256:656c82b8a0ead8bba147de9a89bda95064874c91a3ed43a00e687f23cc19d53a"},
    {file = "coverage-7.6.10-cp39-cp39-macosx_11_0_arm64.whl", hash = "sha256:ccc2b70a7ed475c68ceb548bf69cec1e27305c1c2606a5eb7c3afff56a1b3b27"},
    {file = "coverage-7.6.10-cp39-cp39-manylinux_2_17_aarch64.manylinux2014_aarch64.whl", hash = "sha256:a5e37dc41d57ceba70956fa2fc5b63c26dba863c946ace9705f8eca99daecdc4"},
    {file = "coverage-7.6.10-cp39-cp39-manylinux_2_5_i686.manylinux1_i686.manylinux_2_17_i686.manylinux2014_i686.whl", hash = "sha256:0aa9692b4fdd83a4647eeb7db46410ea1322b5ed94cd1715ef09d1d5922ba87f"},
    {file = "coverage-7.6.10-cp39-cp39-manylinux_2_5_x86_64.manylinux1_x86_64.manylinux_2_17_x86_64.manylinux2014_x86_64.whl", hash = "sha256:aa744da1820678b475e4ba3dfd994c321c5b13381d1041fe9c608620e6676e25"},
    {file = "coverage-7.6.10-cp39-cp39-musllinux_1_2_aarch64.whl", hash = "sha256:c0b1818063dc9e9d838c09e3a473c1422f517889436dd980f5d721899e66f315"},
    {file = "coverage-7.6.10-cp39-cp39-musllinux_1_2_i686.whl", hash = "sha256:59af35558ba08b758aec4d56182b222976330ef8d2feacbb93964f576a7e7a90"},
    {file = "coverage-7.6.10-cp39-cp39-musllinux_1_2_x86_64.whl", hash = "sha256:7ed2f37cfce1ce101e6dffdfd1c99e729dd2ffc291d02d3e2d0af8b53d13840d"},
    {file = "coverage-7.6.10-cp39-cp39-win32.whl", hash = "sha256:4bcc276261505d82f0ad426870c3b12cb177752834a633e737ec5ee79bbdff18"},
    {file = "coverage-7.6.10-cp39-cp39-win_amd64.whl", hash = "sha256:457574f4599d2b00f7f637a0700a6422243b3565509457b2dbd3f50703e11f59"},
    {file = "coverage-7.6.10-pp39.pp310-none-any.whl", hash = "sha256:fd34e7b3405f0cc7ab03d54a334c17a9e802897580d964bd8c2001f4b9fd488f"},
    {file = "coverage-7.6.10.tar.gz", hash = "sha256:7fb105327c8f8f0682e29843e2ff96af9dcbe5bab8eeb4b398c6a33a16d80a23"},
]

[package.dependencies]
tomli = {version = "*", optional = true, markers = "python_full_version <= \"3.11.0a6\" and extra == \"toml\""}

[package.extras]
toml = ["tomli"]

[[package]]
name = "exceptiongroup"
version = "1.2.2"
description = "Backport of PEP 654 (exception groups)"
optional = false
python-versions = ">=3.7"
groups = ["dev"]
markers = "python_version < \"3.11\""
files = [
    {file = "exceptiongroup-1.2.2-py3-none-any.whl", hash = "sha256:3111b9d131c238bec2f8f516e123e14ba243563fb135d3fe885990585aa7795b"},
    {file = "exceptiongroup-1.2.2.tar.gz", hash = "sha256:47c2edf7c6738fafb49fd34290706d1a1a2f4d1c6df275526b62cbb4aa5393cc"},
]

[package.extras]
test = ["pytest (>=6)"]

[[package]]
name = "iniconfig"
version = "2.0.0"
description = "brain-dead simple config-ini parsing"
optional = false
python-versions = ">=3.7"
groups = ["dev"]
files = [
    {file = "iniconfig-2.0.0-py3-none-any.whl", hash = "sha256:b6a85871a79d2e3b22d2d1b94ac2824226a63c6b741c88f7ae975f18b6778374"},
    {file = "iniconfig-2.0.0.tar.gz", hash = "sha256:2d91e135bf72d31a410b17c16da610a82cb55f6b0477d1a902134b24a455b8b3"},
]

[[package]]
name = "maxminddb"
version = "2.6.3"
description = "Reader for the MaxMind DB format"
optional = false
python-versions = ">=3.8"
groups = ["main", "dev"]
files = [
    {file = "maxminddb-2.6.3-cp310-cp310-macosx_10_9_x86_64.whl", hash = "sha256:d69c5493c81f11bca90961b4dfa028c031aa8e7bb156653edf242a03dfc51561"},
    {file = "maxminddb-2.6.3-cp310-cp310-macosx_11_0_arm64.whl", hash = "sha256:6cc002099c9e1637309df772789a36db9a4601c4623dd1ace8145d057358c20b"},
    {file = "maxminddb-2.6.3-cp310-cp310-manylinux_2_17_aarch64.manylinux2014_aarch64.whl", hash = "sha256:ef41bfe15692fe15e1799d600366a0faa3673a0d7d7dbe6a305ec3a5b6f07708"},
    {file = "maxminddb-2.6.3-cp310-cp310-manylinux_2_17_x86_64.manylinux2014_x86_64.whl", hash = "sha256:46bdc8dc528a2f64ef34182bf40084e05410344d40097c1e93554d732dfb0e15"},
    {file = "maxminddb-2.6.3-cp310-cp310-manylinux_2_5_i686.manylinux1_i686.manylinux_2_17_i686.manylinux2014_i686.whl", hash = "sha256:98258a295149aadf96ed8d667468722b248fe47bb991891ad01cfa8cb9e9684a"},
    {file = "maxminddb-2.6.3-cp310-cp310-musllinux_1_2_aarch64.whl", hash = "sha256:0dd55d2498d287b6cfd6b857deed9070e53c4b22a1acd69615e88dec92d95fb3"},
    {file = "maxminddb-2.6.3-cp310-cp310-musllinux_1_2_i686.whl", hash = "sha256:e38a449890a976365da1f2c927ac076838aa2715b464593080075a18ae4e0dc8"},
    {file = "maxminddb-2.6.3-cp310-cp310-musllinux_1_2_x86_64.whl", hash = "sha256:a70d46337c9497a5b3329d9c7fa7f45be33243ffad04924b8f06ffe41a136279"},
    {file = "maxminddb-2.6.3-cp310-cp310-win32.whl", hash = "sha256:45da7549c952f88da39c9f440cb3fa2abbd7472571597699467641af88512730"},
    {file = "maxminddb-2.6.3-cp310-cp310-win_amd64.whl", hash = "sha256:6c977da32cc72784980da1928a79d38b3e9fe83faa9a40ea9bae598a6bf2f7bb"},
    {file = "maxminddb-2.6.3-cp311-cp311-macosx_10_9_x86_64.whl", hash = "sha256:27ba5e22bd09fe324f0a4c5ed97e73c1c7c3ab7e3bae4e1e6fcaa15f175b9f5a"},
    {file = "maxminddb-2.6.3-cp311-cp311-macosx_11_0_arm64.whl", hash = "sha256:fa36f1ca12fd3a37ad758afd0666457a749b2c4b16db0eb3f8c953f55ae6325d"},
    {file = "maxminddb-2.6.3-cp311-cp311-manylinux_2_17_aarch64.manylinux2014_aarch64.whl", hash = "sha256:83d2324788a31a28bbb38b0dbdece5826f56db4df6e1538cf6f4b72f6a3da66c"},
    {file = "maxminddb-2.6.3-cp311-cp311-manylinux_2_17_x86_64.manylinux2014_x86_64.whl", hash = "sha256:d4bac2b7b7609bed8dcf6beef1ef4a1e411e9e39c311070ffc2ace80d6de6444"},
    {file = "maxminddb-2.6.3-cp311-cp311-manylinux_2_5_i686.manylinux1_i686.manylinux_2_17_i686.manylinux2014_i686.whl", hash = "sha256:8868580f34b483d5b74edd4270db417e211906d57fb13bbeeb11ea8d5cd01829"},
    {file = "maxminddb-2.6.3-cp311-cp311-musllinux_1_2_aarch64.whl", hash = "sha256:b29cea50b191784e2242227e0fac5bc985972b3849f97fe96c7f37fb7a7426d7"},
    {file = "maxminddb-2.6.3-cp311-cp311-musllinux_1_2_i686.whl", hash = "sha256:4d470fc4f9c5ed8854a945dc5ea56b2f0644a5c3e5872d0e579d66a5a9238d7f"},
    {file = "maxminddb-2.6.3-cp311-cp311-musllinux_1_2_x86_64.whl", hash = "sha256:2849357de35bfed0011ad1ff14a83c946273ae8c75a8867612d22f559df70e7d"},
    {file = "maxminddb-2.6.3-cp311-cp311-win32.whl", hash = "sha256:39254e173af7b0018c1508c2dd68ecda0c043032176140cfe917587e2d082f42"},
    {file = "maxminddb-2.6.3-cp311-cp311-win_amd64.whl", hash = "sha256:489c5ae835198a228380b83cc537a5ffb1911f1579d7545baf097e4a8eefcd9a"},
    {file = "maxminddb-2.6.3-cp312-cp312-macosx_10_13_x86_64.whl", hash = "sha256:2b0fef825b23df047876d2056cbb69fb8d8e4b965f744f674be75e16fb86a52e"},
    {file = "maxminddb-2.6.3-cp312-cp312-macosx_11_0_arm64.whl", hash = "sha256:a38faf03db15cc285009c0ddaacd04071b84ebd8ff7d773f700c7def695a291c"},
    {file = "maxminddb-2.6.3-cp312-cp312-manylinux_2_17_aarch64.manylinux2014_aarch64.whl", hash = "sha256:edab18a50470031fc8447bcd9285c9f5f952abef2b6db5579fe50665bdcda941"},
    {file = "maxminddb-2.6.3-cp312-cp312-manylinux_2_17_x86_64.manylinux2014_x86_64.whl", hash = "sha256:415dd5de87adc7640d3da2a8e7cf19a313c1a715cb84a3433f0e3b2d27665319"},
    {file = "maxminddb-2.6.3-cp312-cp312-manylinux_2_5_i686.manylinux1_i686.manylinux_2_17_i686.manylinux2014_i686.whl", hash = "sha256:d78a02b70ededb3ba7317c24266217d7b68283e3be04cad0c34ee446a0217ee0"},
    {file = "maxminddb-2.6.3-cp312-cp312-musllinux_1_2_aarch64.whl", hash = "sha256:4b80275603bba6a95ed69d859d184dfa60bfd8e83cd4c8b722d7f7eaa9d95f8f"},
    {file = "maxminddb-2.6.3-cp312-cp312-musllinux_1_2_i686.whl", hash = "sha256:a6868438d1771c0bd0bbc95d84480c1ae04df72a85879e1ada42762250a00f59"},
    {file = "maxminddb-2.6.3-cp312-cp312-musllinux_1_2_x86_64.whl", hash = "sha256:efd875d43c4207fb90e10d582e4394d8a04f7b55c83c4d6bc0593a7be450e04f"},
    {file = "maxminddb-2.6.3-cp312-cp312-win32.whl", hash = "sha256:aadb9d12e887a1f52e8214e539e5d78338356fad4ef2a51931f6f7dbe56c2228"},
    {file = "maxminddb-2.6.3-cp312-cp312-win_amd64.whl", hash = "sha256:7d6024d1e40244b5549c5e6063af109399a2f89503a24916b5139c4d0657f1c8"},
    {file = "maxminddb-2.6.3-cp313-cp313-macosx_10_13_x86_64.whl", hash = "sha256:9580b2cd017185db07baacd9d629ca01f3fe6f236528681c88a0209725376e9c"},
    {file = "maxminddb-2.6.3-cp313-cp313-macosx_11_0_arm64.whl", hash = "sha256:47828bed767b82c219ba7aa65f0cb03d7f7443d7270259ce931e133a40691d34"},
    {file = "maxminddb-2.6.3-cp313-cp313-manylinux_2_17_aarch64.manylinux2014_aarch64.whl", hash = "sha256:77112cb1a2e381de42c443d1bf222c58b9da203183bb2008dd370c3d2a587a4e"},
    {file = "maxminddb-2.6.3-cp313-cp313-manylinux_2_17_x86_64.manylinux2014_x86_64.whl", hash = "sha256:448d062e95242e3088df85fe7ed3f2890a9f4aea924bde336e9ff5d2337ca5fd"},
    {file = "maxminddb-2.6.3-cp313-cp313-manylinux_2_5_i686.manylinux1_i686.manylinux_2_17_i686.manylinux2014_i686.whl", hash = "sha256:a59d72bf373c61da156fd43e2be6da802f68370a50a2205de84ee76916e05f9f"},
    {file = "maxminddb-2.6.3-cp313-cp313-musllinux_1_2_aarch64.whl", hash = "sha256:e867852037a8a26a24cfcf31b697dce63d488e1617af244c2895568d8f6c7a31"},
    {file = "maxminddb-2.6.3-cp313-cp313-musllinux_1_2_i686.whl", hash = "sha256:5a1586260eac831d61c2665b26ca1ae3ad00caca57c8031346767f4527025311"},
    {file = "maxminddb-2.6.3-cp313-cp313-musllinux_1_2_x86_64.whl", hash = "sha256:6eb23f842a72ab3096f9f9b1c292f4feb55a8d758567cb6d77637c2257a3187c"},
    {file = "maxminddb-2.6.3-cp313-cp313-win32.whl", hash = "sha256:acf46e20709a27d2b519669888e3f53a37bc4204b98a0c690664c48ff8cb1364"},
    {file = "maxminddb-2.6.3-cp313-cp313-win_amd64.whl", hash = "sha256:3015afb00e6168837938dbe5fda40ace37442c22b292ccee27c1690fbf6078ed"},
    {file = "maxminddb-2.6.3-cp38-cp38-macosx_10_9_x86_64.whl", hash = "sha256:9d913971187326e59be8a63068128b6439f6717b13c7c451e6d9e1723286d9ff"},
    {file = "maxminddb-2.6.3-cp38-cp38-macosx_11_0_arm64.whl", hash = "sha256:89afed255ac3652db7f91d8f6b278a4c490c47283ddbff5589c22cfdef4b8453"},
    {file = "maxminddb-2.6.3-cp38-cp38-manylinux_2_17_aarch64.manylinux2014_aarch64.whl", hash = "sha256:01b143a38ae38c71ebc9028d67bbcb05c1b954e0f3a28c508eaee46833807903"},
    {file = "maxminddb-2.6.3-cp38-cp38-manylinux_2_17_x86_64.manylinux2014_x86_64.whl", hash = "sha256:deebf098c79ce031069fec1d7202cba0e766b3f12adbb631d16223174994724a"},
    {file = "maxminddb-2.6.3-cp38-cp38-manylinux_2_5_i686.manylinux1_i686.manylinux_2_17_i686.manylinux2014_i686.whl", hash = "sha256:f49eefddad781e088969188c606b7988a7da27592590f6c4cc2b64fd2a85ff28"},
    {file = "maxminddb-2.6.3-cp38-cp38-musllinux_1_2_aarch64.whl", hash = "sha256:da584edc3e4465f5417a48602ed7e2bee4f2a7a2b43fcf2c40728cfc9f9fd5aa"},
    {file = "maxminddb-2.6.3-cp38-cp38-musllinux_1_2_i686.whl", hash = "sha256:e5a8cfe71db548aa9a520a3f7e92430b6b7900affadef3b0c83c530c759dd12f"},
    {file = "maxminddb-2.6.3-cp38-cp38-musllinux_1_2_x86_64.whl", hash = "sha256:daa20961ad0fb550038c02dbf76a04e1c1958a3b899fa14a7c412aed67380812"},
    {file = "maxminddb-2.6.3-cp38-cp38-win32.whl", hash = "sha256:6480ca47db4d8d09296c268e8ff4e6f4c1d455773a67233c9f899dfa6af3e6c6"},
    {file = "maxminddb-2.6.3-cp38-cp38-win_amd64.whl", hash = "sha256:0348c8dadef9493dbcd45f032ae271c7fd2216ed4bb4bab0aff371ffc522f871"},
    {file = "maxminddb-2.6.3-cp39-cp39-macosx_10_9_x86_64.whl", hash = "sha256:1bc2edcef76ce54d4df04f58aec98f4df0377f37aae2217587bfecd663ed5c66"},
    {file = "maxminddb-2.6.3-cp39-cp39-macosx_11_0_arm64.whl", hash = "sha256:1f0b78c40a12588e9e0ca0ffe5306b6dea028dcd21f2c120d1ceb328a3307a98"},
    {file = "maxminddb-2.6.3-cp39-cp39-manylinux_2_17_aarch64.manylinux2014_aarch64.whl", hash = "sha256:f06e9c908a9270e882f0d23f041a9674680a7a110412b453f902d22323f86d38"},
    {file = "maxminddb-2.6.3-cp39-cp39-manylinux_2_17_x86_64.manylinux2014_x86_64.whl", hash = "sha256:46096646c284835c8a580ec2ccbf0d6d5398191531fa543bb0437983c75cb7ba"},
    {file = "maxminddb-2.6.3-cp39-cp39-manylinux_2_5_i686.manylinux1_i686.manylinux_2_17_i686.manylinux2014_i686.whl", hash = "sha256:0d82fbddf3a88e6aa6181bd16bc08a6939d6353f97f143eeddec16bc5394e361"},
    {file = "maxminddb-2.6.3-cp39-cp39-musllinux_1_2_aarch64.whl", hash = "sha256:6136dc8ad8c8f7e95a7d84174a990c1b47d5e641e3a3a8ae67d7bde625342dbb"},
    {file = "maxminddb-2.6.3-cp39-cp39-musllinux_1_2_i686.whl", hash = "sha256:01773fee182cc36f6d38c277936accf7c85b8f4c20d13bb630666f6b3f087ad8"},
    {file = "maxminddb-2.6.3-cp39-cp39-musllinux_1_2_x86_64.whl", hash = "sha256:890dd845e371f67edef7b19a2866191d9fff85faf88f4b4c416a0aaa37204416"},
    {file = "maxminddb-2.6.3-cp39-cp39-win32.whl", hash = "sha256:4e0865069ef76b4f3eb862c042b107088171cbf43fea3dcaae0dd7253effe6e3"},
    {file = "maxminddb-2.6.3-cp39-cp39-win_amd64.whl", hash = "sha256:7c3209d7a4b2f50d4b28a1d886d95b19094cdc840208e69dbbc40cae2c1cc65b"},
    {file = "maxminddb-2.6.3-pp310-pypy310_pp73-macosx_10_15_x86_64.whl", hash = "sha256:b4729936fedb4793d9162b92d6de63e267e388c8938e19e700120b6df6a6ae6c"},
    {file = "maxminddb-2.6.3-pp310-pypy310_pp73-macosx_11_0_arm64.whl", hash = "sha256:6887315de47f3a9840df19f498a4e68723c160c9448d276c3ef454531555778e"},
    {file = "maxminddb-2.6.3-pp310-pypy310_pp73-manylinux_2_17_aarch64.manylinux2014_aarch64.whl", hash = "sha256:34943b4b724a35ef63ec40dcf894a100575d233b23b6cd4f8224017ea1195265"},
    {file = "maxminddb-2.6.3-pp310-pypy310_pp73-manylinux_2_17_x86_64.manylinux2014_x86_64.whl", hash = "sha256:2d25acb42ef8829e8e3491b6b3b4ced9dbb4eea6c4ec24afdc4028051e7b8803"},
    {file = "maxminddb-2.6.3-pp310-pypy310_pp73-manylinux_2_5_i686.manylinux1_i686.manylinux_2_17_i686.manylinux2014_i686.whl", hash = "sha256:a23c7c88f9df0727a3e56f2385ec19fb5f61bb46dcbebb6ddc5c948cf0b73b0a"},
    {file = "maxminddb-2.6.3-pp310-pypy310_pp73-win_amd64.whl", hash = "sha256:85763c19246dce43044be58cb9119579c2efd0b85a7b79d865b741a698866488"},
    {file = "maxminddb-2.6.3-pp38-pypy38_pp73-macosx_10_9_x86_64.whl", hash = "sha256:7c5d15a0546821a7e9104b71ca701c01462390d0a1bee5cad75f583cf26c400b"},
    {file = "maxminddb-2.6.3-pp38-pypy38_pp73-macosx_11_0_arm64.whl", hash = "sha256:de8415538d778ae4f4bb40e2cee9581e2d5c860abdbdbba1458953f5b314a6b0"},
    {file = "maxminddb-2.6.3-pp38-pypy38_pp73-manylinux_2_17_aarch64.manylinux2014_aarch64.whl", hash = "sha256:81340e52c743cdc3c0f4a9f45f9cf4e3c2ae87bf4bbb34613c5059a5b829eb65"},
    {file = "maxminddb-2.6.3-pp38-pypy38_pp73-manylinux_2_17_x86_64.manylinux2014_x86_64.whl", hash = "sha256:0b140c1db0c218f485b033b51a086d98d57f55f4a4c2b1cb72fe6a5e1e57359a"},
    {file = "maxminddb-2.6.3-pp38-pypy38_pp73-manylinux_2_5_i686.manylinux1_i686.manylinux_2_17_i686.manylinux2014_i686.whl", hash = "sha256:8ec674a2c2e4b47ab9f582460670a5c1d7725b1cbf16e6cbb94de1ae51ee9edf"},
    {file = "maxminddb-2.6.3-pp38-pypy38_pp73-win_amd64.whl", hash = "sha256:e28622fd7c4ccd298c3f630161d0801182eb38038ca01319693a70264de40b89"},
    {file = "maxminddb-2.6.3-pp39-pypy39_pp73-macosx_10_15_x86_64.whl", hash = "sha256:b09bb7bb98418a620b1ec1881d1594c02e715a68cdc925781de1e79b39cefe77"},
    {file = "maxminddb-2.6.3-pp39-pypy39_pp73-macosx_11_0_arm64.whl", hash = "sha256:a6597599cde3916730d69b023045e6c22ff1c076d9cad7fb63641d36d01e3e93"},
    {file = "maxminddb-2.6.3-pp39-pypy39_pp73-manylinux_2_17_aarch64.manylinux2014_aarch64.whl", hash = "sha256:4e7e6d5f3c1aa6350303edab8f0dd471e616d69b5d47ff5ecbf2c7c82998b9c6"},
    {file = "maxminddb-2.6.3-pp39-pypy39_pp73-manylinux_2_17_x86_64.manylinux2014_x86_64.whl", hash = "sha256:536a39fb917a44b1cd037da624e3d11d49898b5579dfc00c4d7103a057dc51ab"},
    {file = "maxminddb-2.6.3-pp39-pypy39_pp73-manylinux_2_5_i686.manylinux1_i686.manylinux_2_17_i686.manylinux2014_i686.whl", hash = "sha256:a9ebd373a4ef69218bfbce93e9b97f583cfe681b28d4e32e0d64f76ded148fba"},
    {file = "maxminddb-2.6.3-pp39-pypy39_pp73-win_amd64.whl", hash = "sha256:e441478922c2d311b8bc96f35d6e78306802774149fc20d07d96cc5c3b57dd02"},
    {file = "maxminddb-2.6.3.tar.gz", hash = "sha256:d2c3806baa7aa047aa1bac7419e7e353db435f88f09d51106a84dbacf645d254"},
]

[[package]]
name = "packaging"
version = "24.2"
description = "Core utilities for Python packages"
optional = false
python-versions = ">=3.8"
groups = ["dev"]
files = [
    {file = "packaging-24.2-py3-none-any.whl", hash = "sha256:09abb1bccd265c01f4a3aa3f7a7db064b36514d2cba19a2f694fe6150451a759"},
    {file = "packaging-24.2.tar.gz", hash = "sha256:c228a6dc5e932d346bc5739379109d49e8853dd8223571c7c5b55260edc0b97f"},
]

[[package]]
name = "pluggy"
version = "1.5.0"
description = "plugin and hook calling mechanisms for python"
optional = false
python-versions = ">=3.8"
groups = ["dev"]
files = [
    {file = "pluggy-1.5.0-py3-none-any.whl", hash = "sha256:44e1ad92c8ca002de6377e165f3e0f1be63266ab4d554740532335b9d75ea669"},
    {file = "pluggy-1.5.0.tar.gz", hash = "sha256:2cffa88e94fdc978c4c574f15f9e59b7f4201d439195c3715ca9e2486f1d0cf1"},
]

[package.extras]
dev = ["pre-commit", "tox"]
testing = ["pytest", "pytest-benchmark"]

[[package]]
name = "pytest"
version = "8.3.4"
description = "pytest: simple powerful testing with Python"
optional = false
python-versions = ">=3.8"
groups = ["dev"]
files = [
    {file = "pytest-8.3.4-py3-none-any.whl", hash = "sha256:50e16d954148559c9a74109af1eaf0c945ba2d8f30f0a3d3335edde19788b6f6"},
    {file = "pytest-8.3.4.tar.gz", hash = "sha256:965370d062bce11e73868e0335abac31b4d3de0e82f4007408d242b4f8610761"},
]

[package.dependencies]
colorama = {version = "*", markers = "sys_platform == \"win32\""}
exceptiongroup = {version = ">=1.0.0rc8", markers = "python_version < \"3.11\""}
iniconfig = "*"
packaging = "*"
pluggy = ">=1.5,<2"
tomli = {version = ">=1", markers = "python_version < \"3.11\""}

[package.extras]
dev = ["argcomplete", "attrs (>=19.2)", "hypothesis (>=3.56)", "mock", "pygments (>=2.7.2)", "requests", "setuptools", "xmlschema"]

[[package]]
name = "pytest-cov"
version = "6.0.0"
description = "Pytest plugin for measuring coverage."
optional = false
python-versions = ">=3.9"
groups = ["dev"]
files = [
    {file = "pytest-cov-6.0.0.tar.gz", hash = "sha256:fde0b595ca248bb8e2d76f020b465f3b107c9632e6a1d1705f17834c89dcadc0"},
    {file = "pytest_cov-6.0.0-py3-none-any.whl", hash = "sha256:eee6f1b9e61008bd34975a4d5bab25801eb31898b032dd55addc93e96fcaaa35"},
]

[package.dependencies]
coverage = {version = ">=7.5", extras = ["toml"]}
pytest = ">=4.6"

[package.extras]
testing = ["fields", "hunter", "process-tests", "pytest-xdist", "virtualenv"]

[[package]]
name = "tomli"
version = "2.2.1"
description = "A lil' TOML parser"
optional = false
python-versions = ">=3.8"
groups = ["dev"]
markers = "python_full_version <= \"3.11.0a6\""
files = [
    {file = "tomli-2.2.1-cp311-cp311-macosx_10_9_x86_64.whl", hash = "sha256:678e4fa69e4575eb77d103de3df8a895e1591b48e740211bd1067378c69e8249"},
    {file = "tomli-2.2.1-cp311-cp311-macosx_11_0_arm64.whl", hash = "sha256:023aa114dd824ade0100497eb2318602af309e5a55595f76b626d6d9f3b7b0a6"},
    {file = "tomli-2.2.1-cp311-cp311-manylinux_2_17_aarch64.manylinux2014_aarch64.whl", hash = "sha256:ece47d672db52ac607a3d9599a9d48dcb2f2f735c6c2d1f34130085bb12b112a"},
    {file = "tomli-2.2.1-cp311-cp311-manylinux_2_17_x86_64.manylinux2014_x86_64.whl", hash = "sha256:6972ca9c9cc9f0acaa56a8ca1ff51e7af152a9f87fb64623e31d5c83700080ee"},
    {file = "tomli-2.2.1-cp311-cp311-manylinux_2_5_i686.manylinux1_i686.manylinux_2_17_i686.manylinux2014_i686.whl", hash = "sha256:c954d2250168d28797dd4e3ac5cf812a406cd5a92674ee4c8f123c889786aa8e"},
    {file = "tomli-2.2.1-cp311-cp311-musllinux_1_2_aarch64.whl", hash = "sha256:8dd28b3e155b80f4d54beb40a441d366adcfe740969820caf156c019fb5c7ec4"},
    {file = "tomli-2.2.1-cp311-cp311-musllinux_1_2_i686.whl", hash = "sha256:e59e304978767a54663af13c07b3d1af22ddee3bb2fb0618ca1593e4f593a106"},
    {file = "tomli-2.2.1-cp311-cp311-musllinux_1_2_x86_64.whl", hash = "sha256:33580bccab0338d00994d7f16f4c4ec25b776af3ffaac1ed74e0b3fc95e885a8"},
    {file = "tomli-2.2.1-cp311-cp311-win32.whl", hash = "sha256:465af0e0875402f1d226519c9904f37254b3045fc5084697cefb9bdde1ff99ff"},
    {file = "tomli-2.2.1-cp311-cp311-win_amd64.whl", hash = "sha256:2d0f2fdd22b02c6d81637a3c95f8cd77f995846af7414c5c4b8d0545afa1bc4b"},
    {file = "tomli-2.2.1-cp312-cp312-macosx_10_13_x86_64.whl", hash = "sha256:4a8f6e44de52d5e6c657c9fe83b562f5f4256d8ebbfe4ff922c495620a7f6cea"},
    {file = "tomli-2.2.1-cp312-cp312-macosx_11_0_arm64.whl", hash = "sha256:8d57ca8095a641b8237d5b079147646153d22552f1c637fd3ba7f4b0b29167a8"},
    {file = "tomli-2.2.1-cp312-cp312-manylinux_2_17_aarch64.manylinux2014_aarch64.whl", hash = "sha256:4e340144ad7ae1533cb897d406382b4b6fede8890a03738ff1683af800d54192"},
    {file = "tomli-2.2.1-cp312-cp312-manylinux_2_17_x86_64.manylinux2014_x86_64.whl", hash = "sha256:db2b95f9de79181805df90bedc5a5ab4c165e6ec3fe99f970d0e302f384ad222"},
    {file = "tomli-2.2.1-cp312-cp312-manylinux_2_5_i686.manylinux1_i686.manylinux_2_17_i686.manylinux2014_i686.whl", hash = "sha256:40741994320b232529c802f8bc86da4e1aa9f413db394617b9a256ae0f9a7f77"},
    {file = "tomli-2.2.1-cp312-cp312-musllinux_1_2_aarch64.whl", hash = "sha256:400e720fe168c0f8521520190686ef8ef033fb19fc493da09779e592861b78c6"},
    {file = "tomli-2.2.1-cp312-cp312-musllinux_1_2_i686.whl", hash = "sha256:02abe224de6ae62c19f090f68da4e27b10af2b93213d36cf44e6e1c5abd19fdd"},
    {file = "tomli-2.2.1-cp312-cp312-musllinux_1_2_x86_64.whl", hash = "sha256:b82ebccc8c8a36f2094e969560a1b836758481f3dc360ce9a3277c65f374285e"},
    {file = "tomli-2.2.1-cp312-cp312-win32.whl", hash = "sha256:889f80ef92701b9dbb224e49ec87c645ce5df3fa2cc548664eb8a25e03127a98"},
    {file = "tomli-2.2.1-cp312-cp312-win_amd64.whl", hash = "sha256:7fc04e92e1d624a4a63c76474610238576942d6b8950a2d7f908a340494e67e4"},
    {file = "tomli-2.2.1-cp313-cp313-macosx_10_13_x86_64.whl", hash = "sha256:f4039b9cbc3048b2416cc57ab3bda989a6fcf9b36cf8937f01a6e731b64f80d7"},
    {file = "tomli-2.2.1-cp313-cp313-macosx_11_0_arm64.whl", hash = "sha256:286f0ca2ffeeb5b9bd4fcc8d6c330534323ec51b2f52da063b11c502da16f30c"},
    {file = "tomli-2.2.1-cp313-cp313-manylinux_2_17_aarch64.manylinux2014_aarch64.whl", hash = "sha256:a92ef1a44547e894e2a17d24e7557a5e85a9e1d0048b0b5e7541f76c5032cb13"},
    {file = "tomli-2.2.1-cp313-cp313-manylinux_2_17_x86_64.manylinux2014_x86_64.whl", hash = "sha256:9316dc65bed1684c9a98ee68759ceaed29d229e985297003e494aa825ebb0281"},
    {file = "tomli-2.2.1-cp313-cp313-manylinux_2_5_i686.manylinux1_i686.manylinux_2_17_i686.manylinux2014_i686.whl", hash = "sha256:e85e99945e688e32d5a35c1ff38ed0b3f41f43fad8df0bdf79f72b2ba7bc5272"},
    {file = "tomli-2.2.1-cp313-cp313-musllinux_1_2_aarch64.whl", hash = "sha256:ac065718db92ca818f8d6141b5f66369833d4a80a9d74435a268c52bdfa73140"},
    {file = "tomli-2.2.1-cp313-cp313-musllinux_1_2_i686.whl", hash = "sha256:d920f33822747519673ee656a4b6ac33e382eca9d331c87770faa3eef562aeb2"},
    {file = "tomli-2.2.1-cp313-cp313-musllinux_1_2_x86_64.whl", hash = "sha256:a198f10c4d1b1375d7687bc25294306e551bf1abfa4eace6650070a5c1ae2744"},
    {file = "tomli-2.2.1-cp313-cp313-win32.whl", hash = "sha256:d3f5614314d758649ab2ab3a62d4f2004c825922f9e370b29416484086b264ec"},
    {file = "tomli-2.2.1-cp313-cp313-win_amd64.whl", hash = "sha256:a38aa0308e754b0e3c67e344754dff64999ff9b513e691d0e786265c93583c69"},
    {file = "tomli-2.2.1-py3-none-any.whl", hash = "sha256:cb55c73c5f4408779d0cf3eef9f762b9c9f147a77de7b258bef0a5628adc85cc"},
    {file = "tomli-2.2.1.tar.gz", hash = "sha256:cd45e1dc79c835ce60f7404ec8119f2eb06d38b1deba146f07ced3bbc44505ff"},
]

[[package]]
name = "ua-parser"
version = "1.0.0"
description = "Python port of Browserscope's user agent parser"
optional = false
python-versions = ">=3.9"
groups = ["main", "dev"]
files = [
    {file = "ua_parser-1.0.0-py3-none-any.whl", hash = "sha256:5b31133606a781f56692caa11a9671a9f330c22604b3c4957a7ba18c152212d0"},
    {file = "ua_parser-1.0.0.tar.gz", hash = "sha256:a9740f53f4fbb72b7a03d304cae32a2785cafc55e8207efb74877bba17c35324"},
]

[package.dependencies]
ua-parser-builtins = "*"

[package.extras]
re2 = ["google-re2"]
regex = ["ua-parser-rs"]
yaml = ["PyYaml"]

[[package]]
name = "ua-parser-builtins"
version = "0.18.0.post1"
description = "Precompiled rules for User Agent Parser"
optional = false
python-versions = ">=3.9"
groups = ["main", "dev"]
files = [
    {file = "ua_parser_builtins-0.18.0.post1-py3-none-any.whl", hash = "sha256:eb4f93504040c3a990a6b0742a2afd540d87d7f9f05fd66e94c101db1564674d"},
]

[[package]]
name = "user-agents"
version = "2.2.0"
description = "A library to identify devices (phones, tablets) and their capabilities by parsing browser user agent strings."
optional = false
python-versions = "*"
groups = ["main", "dev"]
files = [
    {file = "user-agents-2.2.0.tar.gz", hash = "sha256:d36d25178db65308d1458c5fa4ab39c9b2619377010130329f3955e7626ead26"},
    {file = "user_agents-2.2.0-py3-none-any.whl", hash = "sha256:a98c4dc72ecbc64812c4534108806fb0a0b3a11ec3fd1eafe807cee5b0a942e7"},
]

[package.dependencies]
ua-parser = ">=0.10.0"

[metadata]
lock-version = "2.1"
python-versions = ">=3.10"
content-hash = "72db86af7fefde592e896b65e1e354acfd13d301cbc65be832d1011945cb43a5"
